
Microsoft Visual Studio Solution File, Format Version 12.00
# Visual Studio Version 16
VisualStudioVersion = 16.0.30907.101
MinimumVisualStudioVersion = 10.0.40219.1
Project("{FAE04EC0-301F-11D3-BF4B-00C04F79EFBC}") = "NetworkPing", "NetworkPing\NetworkPing.csproj", "{0B8207A4-CE05-46A8-947F-A5BDE9941011}"
EndProject
Global
	GlobalSection(SolutionConfigurationPlatforms) = preSolution
		Debug|Any CPU = Debug|Any CPU
		Release|Any CPU = Release|Any CPU
	EndGlobalSection
	GlobalSection(ProjectConfigurationPlatforms) = postSolution
		{0B8207A4-CE05-46A8-947F-A5BDE9941011}.Debug|Any CPU.ActiveCfg = Debug|Any CPU
		{0B8207A4-CE05-46A8-947F-A5BDE9941011}.Debug|Any CPU.Build.0 = Debug|Any CPU
		{0B8207A4-CE05-46A8-947F-A5BDE9941011}.Release|Any CPU.ActiveCfg = Release|Any CPU
		{0B8207A4-CE05-46A8-947F-A5BDE9941011}.Release|Any CPU.Build.0 = Release|Any CPU
	EndGlobalSection
	GlobalSection(SolutionProperties) = preSolution
		HideSolutionNode = FALSE
	EndGlobalSection
	GlobalSection(ExtensibilityGlobals) = postSolution
		SolutionGuid = {26FD7292-2453-46B9-BC89-4931B628A2F1}
	EndGlobalSection
EndGlobal
